
Microsoft Visual Studio Solution File, Format Version 12.00
# Visual Studio Version 16
VisualStudioVersion = 16.0.30002.166
MinimumVisualStudioVersion = 10.0.40219.1
Project("{8BC9CEB8-8B4A-11D0-8D11-00A0C91BC942}") = "ffmpeg_info", "ffmpeg_info\ffmpeg_info.vcxproj", "{19467FD4-3E58-4F4E-811F-183FD7C464E2}"
EndProject
Project("{8BC9CEB8-8B4A-11D0-8D11-00A0C91BC942}") = "ffmpeg_player", "ffmpeg_player\ffmpeg_player.vcxproj", "{57606C95-1A1B-469A-85D5-7AE3C3026404}"
EndProject
Project("{8BC9CEB8-8B4A-11D0-8D11-00A0C91BC942}") = "ffmpeg_player_sdl2", "ffmpeg_player_sdl2\ffmpeg_player_sdl2.vcxproj", "{845EE52C-FE00-49AB-BC17-9B97660FBEAF}"
EndProject
Project("{8BC9CEB8-8B4A-11D0-8D11-00A0C91BC942}") = "ffmpeg_examples", "ffmpeg_examples\ffmpeg_examples.vcxproj", "{EC9F1BC8-07C4-4038-9C43-522961A46F07}"
EndProject
Project("{8BC9CEB8-8B4A-11D0-8D11-00A0C91BC942}") = "ffmpeg_udp_h264_player", "ffmpeg_udp_h264_player\ffmpeg_udp_h264_player.vcxproj", "{849DE476-85AE-403B-B555-F8AF6F724DE3}"
EndProject
Global
	GlobalSection(SolutionConfigurationPlatforms) = preSolution
		Debug|x64 = Debug|x64
		Debug|x86 = Debug|x86
		Release|x64 = Release|x64
		Release|x86 = Release|x86
	EndGlobalSection
	GlobalSection(ProjectConfigurationPlatforms) = postSolution
		{19467FD4-3E58-4F4E-811F-183FD7C464E2}.Debug|x64.ActiveCfg = Debug|x64
		{19467FD4-3E58-4F4E-811F-183FD7C464E2}.Debug|x64.Build.0 = Debug|x64
		{19467FD4-3E58-4F4E-811F-183FD7C464E2}.Debug|x86.ActiveCfg = Debug|Win32
		{19467FD4-3E58-4F4E-811F-183FD7C464E2}.Debug|x86.Build.0 = Debug|Win32
		{19467FD4-3E58-4F4E-811F-183FD7C464E2}.Release|x64.ActiveCfg = Release|x64
		{19467FD4-3E58-4F4E-811F-183FD7C464E2}.Release|x64.Build.0 = Release|x64
		{19467FD4-3E58-4F4E-811F-183FD7C464E2}.Release|x86.ActiveCfg = Release|Win32
		{19467FD4-3E58-4F4E-811F-183FD7C464E2}.Release|x86.Build.0 = Release|Win32
		{57606C95-1A1B-469A-85D5-7AE3C3026404}.Debug|x64.ActiveCfg = Debug|x64
		{57606C95-1A1B-469A-85D5-7AE3C3026404}.Debug|x64.Build.0 = Debug|x64
		{57606C95-1A1B-469A-85D5-7AE3C3026404}.Debug|x86.ActiveCfg = Debug|Win32
		{57606C95-1A1B-469A-85D5-7AE3C3026404}.Debug|x86.Build.0 = Debug|Win32
		{57606C95-1A1B-469A-85D5-7AE3C3026404}.Release|x64.ActiveCfg = Release|x64
		{57606C95-1A1B-469A-85D5-7AE3C3026404}.Release|x64.Build.0 = Release|x64
		{57606C95-1A1B-469A-85D5-7AE3C3026404}.Release|x86.ActiveCfg = Release|Win32
		{57606C95-1A1B-469A-85D5-7AE3C3026404}.Release|x86.Build.0 = Release|Win32
		{845EE52C-FE00-49AB-BC17-9B97660FBEAF}.Debug|x64.ActiveCfg = Debug|x64
		{845EE52C-FE00-49AB-BC17-9B97660FBEAF}.Debug|x64.Build.0 = Debug|x64
		{845EE52C-FE00-49AB-BC17-9B97660FBEAF}.Debug|x86.ActiveCfg = Debug|Win32
		{845EE52C-FE00-49AB-BC17-9B97660FBEAF}.Debug|x86.Build.0 = Debug|Win32
		{845EE52C-FE00-49AB-BC17-9B97660FBEAF}.Release|x64.ActiveCfg = Release|x64
		{845EE52C-FE00-49AB-BC17-9B97660FBEAF}.Release|x64.Build.0 = Release|x64
		{845EE52C-FE00-49AB-BC17-9B97660FBEAF}.Release|x86.ActiveCfg = Release|Win32
		{845EE52C-FE00-49AB-BC17-9B97660FBEAF}.Release|x86.Build.0 = Release|Win32
		{EC9F1BC8-07C4-4038-9C43-522961A46F07}.Debug|x64.ActiveCfg = Debug|x64
		{EC9F1BC8-07C4-4038-9C43-522961A46F07}.Debug|x64.Build.0 = Debug|x64
		{EC9F1BC8-07C4-4038-9C43-522961A46F07}.Debug|x86.ActiveCfg = Debug|Win32
		{EC9F1BC8-07C4-4038-9C43-522961A46F07}.Debug|x86.Build.0 = Debug|Win32
		{EC9F1BC8-07C4-4038-9C43-522961A46F07}.Release|x64.ActiveCfg = Release|x64
		{EC9F1BC8-07C4-4038-9C43-522961A46F07}.Release|x64.Build.0 = Release|x64
		{EC9F1BC8-07C4-4038-9C43-522961A46F07}.Release|x86.ActiveCfg = Release|Win32
		{EC9F1BC8-07C4-4038-9C43-522961A46F07}.Release|x86.Build.0 = Release|Win32
		{849DE476-85AE-403B-B555-F8AF6F724DE3}.Debug|x64.ActiveCfg = Debug|x64
		{849DE476-85AE-403B-B555-F8AF6F724DE3}.Debug|x64.Build.0 = Debug|x64
		{849DE476-85AE-403B-B555-F8AF6F724DE3}.Debug|x86.ActiveCfg = Debug|Win32
		{849DE476-85AE-403B-B555-F8AF6F724DE3}.Debug|x86.Build.0 = Debug|Win32
		{849DE476-85AE-403B-B555-F8AF6F724DE3}.Release|x64.ActiveCfg = Release|x64
		{849DE476-85AE-403B-B555-F8AF6F724DE3}.Release|x64.Build.0 = Release|x64
		{849DE476-85AE-403B-B555-F8AF6F724DE3}.Release|x86.ActiveCfg = Release|Win32
		{849DE476-85AE-403B-B555-F8AF6F724DE3}.Release|x86.Build.0 = Release|Win32
	EndGlobalSection
	GlobalSection(SolutionProperties) = preSolution
		HideSolutionNode = FALSE
	EndGlobalSection
	GlobalSection(ExtensibilityGlobals) = postSolution
		SolutionGuid = {FE6ABEB7-90F1-4DE8-9D08-57E426DE0ABB}
	EndGlobalSection
EndGlobal
